// !$*UTF8*$!
{
	archiveVersion = 1;
	classes = {
	};
	objectVersion = 46;
	objects = {

/* Begin PBXBuildFile section */
		22AF0A1803FF73D317DB325A /* Pods_CarTrackApp.framework in Frameworks */ = {isa = PBXBuildFile; fileRef = 96C8AFE5CF51E83E22D34721 /* Pods_CarTrackApp.framework */; };
		4712A4631ECD95F400C86CB8 /* MapAnnotation.swift in Sources */ = {isa = PBXBuildFile; fileRef = 4712A4621ECD95F400C86CB8 /* MapAnnotation.swift */; };
		4712A4651ECDB40100C86CB8 /* MapView.swift in Sources */ = {isa = PBXBuildFile; fileRef = 4712A4641ECDB40100C86CB8 /* MapView.swift */; };
		4712A4671ECDC26200C86CB8 /* CarDetailView.swift in Sources */ = {isa = PBXBuildFile; fileRef = 4712A4661ECDC26200C86CB8 /* CarDetailView.swift */; };
		4712A4691ECDC27200C86CB8 /* CarDetailView.xib in Resources */ = {isa = PBXBuildFile; fileRef = 4712A4681ECDC27200C86CB8 /* CarDetailView.xib */; };
		4712A46B1ECDD28600C86CB8 /* RealmTests.swift in Sources */ = {isa = PBXBuildFile; fileRef = 4712A46A1ECDD28600C86CB8 /* RealmTests.swift */; };
		4714CC911ECB370C00AABB9C /* AppDelegate.swift in Sources */ = {isa = PBXBuildFile; fileRef = 4714CC901ECB370C00AABB9C /* AppDelegate.swift */; };
		4714CCB11ECB370C00AABB9C /* CarTrackAppUITests.swift in Sources */ = {isa = PBXBuildFile; fileRef = 4714CCB01ECB370C00AABB9C /* CarTrackAppUITests.swift */; };
		4714CCC81ECB392D00AABB9C /* LaunchScreen.storyboard in Resources */ = {isa = PBXBuildFile; fileRef = 4714CCC11ECB392D00AABB9C /* LaunchScreen.storyboard */; };
		4714CCC91ECB392D00AABB9C /* Main.storyboard in Resources */ = {isa = PBXBuildFile; fileRef = 4714CCC31ECB392D00AABB9C /* Main.storyboard */; };
		4714CCCA1ECB392D00AABB9C /* Assets.xcassets in Resources */ = {isa = PBXBuildFile; fileRef = 4714CCC61ECB392D00AABB9C /* Assets.xcassets */; };
		4714CCCF1ECB496300AABB9C /* Car.swift in Sources */ = {isa = PBXBuildFile; fileRef = 4714CCCE1ECB496300AABB9C /* Car.swift */; };
		4714CCD21ECB4F3D00AABB9C /* Router.swift in Sources */ = {isa = PBXBuildFile; fileRef = 4714CCD11ECB4F3D00AABB9C /* Router.swift */; };
		4714CCD41ECB517200AABB9C /* CarService.swift in Sources */ = {isa = PBXBuildFile; fileRef = 4714CCD31ECB517200AABB9C /* CarService.swift */; };
		4714CCD71ECB524A00AABB9C /* AlamofireExtension.swift in Sources */ = {isa = PBXBuildFile; fileRef = 4714CCD61ECB524A00AABB9C /* AlamofireExtension.swift */; };
		4714CCDA1ECB55EB00AABB9C /* CarTests.swift in Sources */ = {isa = PBXBuildFile; fileRef = 4714CCD91ECB55EB00AABB9C /* CarTests.swift */; };
		4714CCDD1ECB5AD100AABB9C /* CarServiceTests.swift in Sources */ = {isa = PBXBuildFile; fileRef = 4714CCDC1ECB5AD100AABB9C /* CarServiceTests.swift */; };
		476735F31ECCC05B0088C0DC /* RealmExtension.swift in Sources */ = {isa = PBXBuildFile; fileRef = 476735F21ECCC05B0088C0DC /* RealmExtension.swift */; };
		476735F51ECCC46B0088C0DC /* CarTableViewCell.swift in Sources */ = {isa = PBXBuildFile; fileRef = 476735F41ECCC46B0088C0DC /* CarTableViewCell.swift */; };
		476735F91ECCC4AF0088C0DC /* BaseViewController.swift in Sources */ = {isa = PBXBuildFile; fileRef = 476735F81ECCC4AF0088C0DC /* BaseViewController.swift */; };
		476735FB1ECCC4BD0088C0DC /* CarTableViewController.swift in Sources */ = {isa = PBXBuildFile; fileRef = 476735FA1ECCC4BD0088C0DC /* CarTableViewController.swift */; };
		476735FD1ECCC4CA0088C0DC /* CarMapViewController.swift in Sources */ = {isa = PBXBuildFile; fileRef = 476735FC1ECCC4CA0088C0DC /* CarMapViewController.swift */; };
		476736001ECCC8D80088C0DC /* R.generated.swift in Sources */ = {isa = PBXBuildFile; fileRef = 476735FF1ECCC8D80088C0DC /* R.generated.swift */; };
		476736021ECCD1E80088C0DC /* DetailViewController.swift in Sources */ = {isa = PBXBuildFile; fileRef = 476736011ECCD1E80088C0DC /* DetailViewController.swift */; };
		476736041ECCD6E70088C0DC /* LocationManager.swift in Sources */ = {isa = PBXBuildFile; fileRef = 476736031ECCD6E70088C0DC /* LocationManager.swift */; };
		476736061ECCD75F0088C0DC /* CoreLocation.framework in Frameworks */ = {isa = PBXBuildFile; fileRef = 476736051ECCD75F0088C0DC /* CoreLocation.framework */; };
		476736091ECD8BFA0088C0DC /* LocationTests.swift in Sources */ = {isa = PBXBuildFile; fileRef = 476736081ECD8BFA0088C0DC /* LocationTests.swift */; };
		607745C4D1806AB3186D0DB5 /* Pods_CarTrackAppUITests.framework in Frameworks */ = {isa = PBXBuildFile; fileRef = B5387B2E61016235D6E13EFA /* Pods_CarTrackAppUITests.framework */; };
		71DCC58A5555D59768FD6426 /* Pods_CarTrackAppTests.framework in Frameworks */ = {isa = PBXBuildFile; fileRef = F7254D7DE2B57FC7D048F3E3 /* Pods_CarTrackAppTests.framework */; };
/* End PBXBuildFile section */

/* Begin PBXContainerItemProxy section */
		4714CCA21ECB370C00AABB9C /* PBXContainerItemProxy */ = {
			isa = PBXContainerItemProxy;
			containerPortal = 4714CC851ECB370C00AABB9C /* Project object */;
			proxyType = 1;
			remoteGlobalIDString = 4714CC8C1ECB370C00AABB9C;
			remoteInfo = CarTrackApp;
		};
		4714CCAD1ECB370C00AABB9C /* PBXContainerItemProxy */ = {
			isa = PBXContainerItemProxy;
			containerPortal = 4714CC851ECB370C00AABB9C /* Project object */;
			proxyType = 1;
			remoteGlobalIDString = 4714CC8C1ECB370C00AABB9C;
			remoteInfo = CarTrackApp;
		};
/* End PBXContainerItemProxy section */

/* Begin PBXFileReference section */
		0C2FEAE461661117C80B3139 /* Pods-CarTrackApp.release.xcconfig */ = {isa = PBXFileReference; includeInIndex = 1; lastKnownFileType = text.xcconfig; name = "Pods-CarTrackApp.release.xcconfig"; path = "Pods/Target Support Files/Pods-CarTrackApp/Pods-CarTrackApp.release.xcconfig"; sourceTree = "<group>"; };
		13D6B32EBD80B4180AC0E728 /* Pods-CarTrackAppTests.release.xcconfig */ = {isa = PBXFileReference; includeInIndex = 1; lastKnownFileType = text.xcconfig; name = "Pods-CarTrackAppTests.release.xcconfig"; path = "Pods/Target Support Files/Pods-CarTrackAppTests/Pods-CarTrackAppTests.release.xcconfig"; sourceTree = "<group>"; };
		342CE0E92D7013B1333492A2 /* Pods-CarTrackAppUITests.debug.xcconfig */ = {isa = PBXFileReference; includeInIndex = 1; lastKnownFileType = text.xcconfig; name = "Pods-CarTrackAppUITests.debug.xcconfig"; path = "Pods/Target Support Files/Pods-CarTrackAppUITests/Pods-CarTrackAppUITests.debug.xcconfig"; sourceTree = "<group>"; };
		4712A4621ECD95F400C86CB8 /* MapAnnotation.swift */ = {isa = PBXFileReference; fileEncoding = 4; lastKnownFileType = sourcecode.swift; path = MapAnnotation.swift; sourceTree = "<group>"; };
		4712A4641ECDB40100C86CB8 /* MapView.swift */ = {isa = PBXFileReference; fileEncoding = 4; lastKnownFileType = sourcecode.swift; path = MapView.swift; sourceTree = "<group>"; };
		4712A4661ECDC26200C86CB8 /* CarDetailView.swift */ = {isa = PBXFileReference; fileEncoding = 4; lastKnownFileType = sourcecode.swift; path = CarDetailView.swift; sourceTree = "<group>"; };
		4712A4681ECDC27200C86CB8 /* CarDetailView.xib */ = {isa = PBXFileReference; fileEncoding = 4; lastKnownFileType = file.xib; path = CarDetailView.xib; sourceTree = "<group>"; };
		4712A46A1ECDD28600C86CB8 /* RealmTests.swift */ = {isa = PBXFileReference; fileEncoding = 4; lastKnownFileType = sourcecode.swift; name = RealmTests.swift; path = HelperTests/RealmTests.swift; sourceTree = "<group>"; };
		4714CC8D1ECB370C00AABB9C /* CarTrackApp.app */ = {isa = PBXFileReference; explicitFileType = wrapper.application; includeInIndex = 0; path = CarTrackApp.app; sourceTree = BUILT_PRODUCTS_DIR; };
		4714CC901ECB370C00AABB9C /* AppDelegate.swift */ = {isa = PBXFileReference; lastKnownFileType = sourcecode.swift; path = AppDelegate.swift; sourceTree = "<group>"; };
		4714CCA11ECB370C00AABB9C /* CarTrackAppTests.xctest */ = {isa = PBXFileReference; explicitFileType = wrapper.cfbundle; includeInIndex = 0; path = CarTrackAppTests.xctest; sourceTree = BUILT_PRODUCTS_DIR; };
		4714CCA71ECB370C00AABB9C /* Info.plist */ = {isa = PBXFileReference; lastKnownFileType = text.plist.xml; path = Info.plist; sourceTree = "<group>"; };
		4714CCAC1ECB370C00AABB9C /* CarTrackAppUITests.xctest */ = {isa = PBXFileReference; explicitFileType = wrapper.cfbundle; includeInIndex = 0; path = CarTrackAppUITests.xctest; sourceTree = BUILT_PRODUCTS_DIR; };
		4714CCB01ECB370C00AABB9C /* CarTrackAppUITests.swift */ = {isa = PBXFileReference; lastKnownFileType = sourcecode.swift; path = CarTrackAppUITests.swift; sourceTree = "<group>"; };
		4714CCB21ECB370C00AABB9C /* Info.plist */ = {isa = PBXFileReference; lastKnownFileType = text.plist.xml; path = Info.plist; sourceTree = "<group>"; };
		4714CCC21ECB392D00AABB9C /* Base */ = {isa = PBXFileReference; lastKnownFileType = file.storyboard; name = Base; path = Base.lproj/LaunchScreen.storyboard; sourceTree = "<group>"; };
		4714CCC41ECB392D00AABB9C /* Base */ = {isa = PBXFileReference; lastKnownFileType = file.storyboard; name = Base; path = Base.lproj/Main.storyboard; sourceTree = "<group>"; };
		4714CCC61ECB392D00AABB9C /* Assets.xcassets */ = {isa = PBXFileReference; lastKnownFileType = folder.assetcatalog; path = Assets.xcassets; sourceTree = "<group>"; };
		4714CCCB1ECB39A700AABB9C /* Info.plist */ = {isa = PBXFileReference; fileEncoding = 4; lastKnownFileType = text.plist.xml; path = Info.plist; sourceTree = "<group>"; };
		4714CCCE1ECB496300AABB9C /* Car.swift */ = {isa = PBXFileReference; fileEncoding = 4; lastKnownFileType = sourcecode.swift; path = Car.swift; sourceTree = "<group>"; };
		4714CCD11ECB4F3D00AABB9C /* Router.swift */ = {isa = PBXFileReference; fileEncoding = 4; lastKnownFileType = sourcecode.swift; name = Router.swift; path = Services/Router.swift; sourceTree = "<group>"; };
		4714CCD31ECB517200AABB9C /* CarService.swift */ = {isa = PBXFileReference; fileEncoding = 4; lastKnownFileType = sourcecode.swift; name = CarService.swift; path = Services/CarService.swift; sourceTree = "<group>"; };
		4714CCD61ECB524A00AABB9C /* AlamofireExtension.swift */ = {isa = PBXFileReference; fileEncoding = 4; lastKnownFileType = sourcecode.swift; name = AlamofireExtension.swift; path = Extensions/AlamofireExtension.swift; sourceTree = "<group>"; };
		4714CCD91ECB55EB00AABB9C /* CarTests.swift */ = {isa = PBXFileReference; fileEncoding = 4; lastKnownFileType = sourcecode.swift; name = CarTests.swift; path = ModelTests/CarTests.swift; sourceTree = "<group>"; };
		4714CCDC1ECB5AD100AABB9C /* CarServiceTests.swift */ = {isa = PBXFileReference; fileEncoding = 4; lastKnownFileType = sourcecode.swift; name = CarServiceTests.swift; path = ServiceTests/CarServiceTests.swift; sourceTree = "<group>"; };
		476735F21ECCC05B0088C0DC /* RealmExtension.swift */ = {isa = PBXFileReference; fileEncoding = 4; lastKnownFileType = sourcecode.swift; name = RealmExtension.swift; path = Extensions/RealmExtension.swift; sourceTree = "<group>"; };
		476735F41ECCC46B0088C0DC /* CarTableViewCell.swift */ = {isa = PBXFileReference; fileEncoding = 4; lastKnownFileType = sourcecode.swift; path = CarTableViewCell.swift; sourceTree = "<group>"; };
		476735F81ECCC4AF0088C0DC /* BaseViewController.swift */ = {isa = PBXFileReference; fileEncoding = 4; lastKnownFileType = sourcecode.swift; path = BaseViewController.swift; sourceTree = "<group>"; };
		476735FA1ECCC4BD0088C0DC /* CarTableViewController.swift */ = {isa = PBXFileReference; fileEncoding = 4; lastKnownFileType = sourcecode.swift; path = CarTableViewController.swift; sourceTree = "<group>"; };
		476735FC1ECCC4CA0088C0DC /* CarMapViewController.swift */ = {isa = PBXFileReference; fileEncoding = 4; lastKnownFileType = sourcecode.swift; path = CarMapViewController.swift; sourceTree = "<group>"; };
		476735FF1ECCC8D80088C0DC /* R.generated.swift */ = {isa = PBXFileReference; fileEncoding = 4; lastKnownFileType = sourcecode.swift; path = R.generated.swift; sourceTree = "<group>"; };
		476736011ECCD1E80088C0DC /* DetailViewController.swift */ = {isa = PBXFileReference; fileEncoding = 4; lastKnownFileType = sourcecode.swift; path = DetailViewController.swift; sourceTree = "<group>"; };
		476736031ECCD6E70088C0DC /* LocationManager.swift */ = {isa = PBXFileReference; fileEncoding = 4; lastKnownFileType = sourcecode.swift; name = LocationManager.swift; path = Helpers/LocationManager.swift; sourceTree = "<group>"; };
		476736051ECCD75F0088C0DC /* CoreLocation.framework */ = {isa = PBXFileReference; lastKnownFileType = wrapper.framework; name = CoreLocation.framework; path = System/Library/Frameworks/CoreLocation.framework; sourceTree = SDKROOT; };
		476736081ECD8BFA0088C0DC /* LocationTests.swift */ = {isa = PBXFileReference; fileEncoding = 4; lastKnownFileType = sourcecode.swift; name = LocationTests.swift; path = HelperTests/LocationTests.swift; sourceTree = "<group>"; };
		86CF813617EA53D216B3B887 /* Pods-CarTrackAppUITests.release.xcconfig */ = {isa = PBXFileReference; includeInIndex = 1; lastKnownFileType = text.xcconfig; name = "Pods-CarTrackAppUITests.release.xcconfig"; path = "Pods/Target Support Files/Pods-CarTrackAppUITests/Pods-CarTrackAppUITests.release.xcconfig"; sourceTree = "<group>"; };
		93375CEDC0F5E1626D87CD4D /* Pods-CarTrackAppTests.debug.xcconfig */ = {isa = PBXFileReference; includeInIndex = 1; lastKnownFileType = text.xcconfig; name = "Pods-CarTrackAppTests.debug.xcconfig"; path = "Pods/Target Support Files/Pods-CarTrackAppTests/Pods-CarTrackAppTests.debug.xcconfig"; sourceTree = "<group>"; };
		96C8AFE5CF51E83E22D34721 /* Pods_CarTrackApp.framework */ = {isa = PBXFileReference; explicitFileType = wrapper.framework; includeInIndex = 0; path = Pods_CarTrackApp.framework; sourceTree = BUILT_PRODUCTS_DIR; };
		B5387B2E61016235D6E13EFA /* Pods_CarTrackAppUITests.framework */ = {isa = PBXFileReference; explicitFileType = wrapper.framework; includeInIndex = 0; path = Pods_CarTrackAppUITests.framework; sourceTree = BUILT_PRODUCTS_DIR; };
		F7254D7DE2B57FC7D048F3E3 /* Pods_CarTrackAppTests.framework */ = {isa = PBXFileReference; explicitFileType = wrapper.framework; includeInIndex = 0; path = Pods_CarTrackAppTests.framework; sourceTree = BUILT_PRODUCTS_DIR; };
		F88A1ED3406723A5D538653E /* Pods-CarTrackApp.debug.xcconfig */ = {isa = PBXFileReference; includeInIndex = 1; lastKnownFileType = text.xcconfig; name = "Pods-CarTrackApp.debug.xcconfig"; path = "Pods/Target Support Files/Pods-CarTrackApp/Pods-CarTrackApp.debug.xcconfig"; sourceTree = "<group>"; };
/* End PBXFileReference section */

/* Begin PBXFrameworksBuildPhase section */
		4714CC8A1ECB370C00AABB9C /* Frameworks */ = {
			isa = PBXFrameworksBuildPhase;
			buildActionMask = 2147483647;
			files = (
				476736061ECCD75F0088C0DC /* CoreLocation.framework in Frameworks */,
				22AF0A1803FF73D317DB325A /* Pods_CarTrackApp.framework in Frameworks */,
			);
			runOnlyForDeploymentPostprocessing = 0;
		};
		4714CC9E1ECB370C00AABB9C /* Frameworks */ = {
			isa = PBXFrameworksBuildPhase;
			buildActionMask = 2147483647;
			files = (
				71DCC58A5555D59768FD6426 /* Pods_CarTrackAppTests.framework in Frameworks */,
			);
			runOnlyForDeploymentPostprocessing = 0;
		};
		4714CCA91ECB370C00AABB9C /* Frameworks */ = {
			isa = PBXFrameworksBuildPhase;
			buildActionMask = 2147483647;
			files = (
				607745C4D1806AB3186D0DB5 /* Pods_CarTrackAppUITests.framework in Frameworks */,
			);
			runOnlyForDeploymentPostprocessing = 0;
		};
/* End PBXFrameworksBuildPhase section */

/* Begin PBXGroup section */
		40C704D4D10F594BDDA8B819 /* Frameworks */ = {
			isa = PBXGroup;
			children = (
				476736051ECCD75F0088C0DC /* CoreLocation.framework */,
				96C8AFE5CF51E83E22D34721 /* Pods_CarTrackApp.framework */,
				F7254D7DE2B57FC7D048F3E3 /* Pods_CarTrackAppTests.framework */,
				B5387B2E61016235D6E13EFA /* Pods_CarTrackAppUITests.framework */,
			);
			name = Frameworks;
			sourceTree = "<group>";
		};
		4714CC841ECB370C00AABB9C = {
			isa = PBXGroup;
			children = (
				4714CC8F1ECB370C00AABB9C /* CarTrackApp */,
				4714CCA41ECB370C00AABB9C /* CarTrackAppTests */,
				4714CCAF1ECB370C00AABB9C /* CarTrackAppUITests */,
				4714CC8E1ECB370C00AABB9C /* Products */,
				78E3FBF99E50511CF2F9422F /* Pods */,
				40C704D4D10F594BDDA8B819 /* Frameworks */,
			);
			sourceTree = "<group>";
		};
		4714CC8E1ECB370C00AABB9C /* Products */ = {
			isa = PBXGroup;
			children = (
				4714CC8D1ECB370C00AABB9C /* CarTrackApp.app */,
				4714CCA11ECB370C00AABB9C /* CarTrackAppTests.xctest */,
				4714CCAC1ECB370C00AABB9C /* CarTrackAppUITests.xctest */,
			);
			name = Products;
			sourceTree = "<group>";
		};
		4714CC8F1ECB370C00AABB9C /* CarTrackApp */ = {
			isa = PBXGroup;
			children = (
				4714CCD51ECB523300AABB9C /* Extensions */,
				4714CCD01ECB49C400AABB9C /* Services */,
				4714CCCD1ECB493500AABB9C /* Helpers */,
				4714CCBF1ECB392D00AABB9C /* Models */,
				4714CCC71ECB392D00AABB9C /* Views */,
				4714CCBE1ECB392D00AABB9C /* Controllers */,
				4714CCC01ECB392D00AABB9C /* Story Boards */,
				4714CCC51ECB392D00AABB9C /* Supporting Files */,
				4714CC901ECB370C00AABB9C /* AppDelegate.swift */,
			);
			path = CarTrackApp;
			sourceTree = "<group>";
		};
		4714CCA41ECB370C00AABB9C /* CarTrackAppTests */ = {
			isa = PBXGroup;
			children = (
				476736071ECD8BE50088C0DC /* Helper Tests */,
				4714CCDB1ECB5AB600AABB9C /* Service Tests */,
				4714CCD81ECB55C600AABB9C /* Model Tests */,
				4714CCA71ECB370C00AABB9C /* Info.plist */,
			);
			path = CarTrackAppTests;
			sourceTree = "<group>";
		};
		4714CCAF1ECB370C00AABB9C /* CarTrackAppUITests */ = {
			isa = PBXGroup;
			children = (
				4714CCB01ECB370C00AABB9C /* CarTrackAppUITests.swift */,
				4714CCB21ECB370C00AABB9C /* Info.plist */,
			);
			path = CarTrackAppUITests;
			sourceTree = "<group>";
		};
		4714CCBE1ECB392D00AABB9C /* Controllers */ = {
			isa = PBXGroup;
			children = (
				476735F81ECCC4AF0088C0DC /* BaseViewController.swift */,
				476735FA1ECCC4BD0088C0DC /* CarTableViewController.swift */,
				476735FC1ECCC4CA0088C0DC /* CarMapViewController.swift */,
				476736011ECCD1E80088C0DC /* DetailViewController.swift */,
			);
			path = Controllers;
			sourceTree = "<group>";
		};
		4714CCBF1ECB392D00AABB9C /* Models */ = {
			isa = PBXGroup;
			children = (
				4714CCCE1ECB496300AABB9C /* Car.swift */,
			);
			path = Models;
			sourceTree = "<group>";
		};
		4714CCC01ECB392D00AABB9C /* Story Boards */ = {
			isa = PBXGroup;
			children = (
				4714CCC11ECB392D00AABB9C /* LaunchScreen.storyboard */,
				4714CCC31ECB392D00AABB9C /* Main.storyboard */,
			);
			name = "Story Boards";
			path = StoryBoards;
			sourceTree = "<group>";
		};
		4714CCC51ECB392D00AABB9C /* Supporting Files */ = {
			isa = PBXGroup;
			children = (
				476735FF1ECCC8D80088C0DC /* R.generated.swift */,
				4714CCCB1ECB39A700AABB9C /* Info.plist */,
				4714CCC61ECB392D00AABB9C /* Assets.xcassets */,
			);
			name = "Supporting Files";
			path = SupportingFiles;
			sourceTree = "<group>";
		};
		4714CCC71ECB392D00AABB9C /* Views */ = {
			isa = PBXGroup;
			children = (
				476735F41ECCC46B0088C0DC /* CarTableViewCell.swift */,
				4712A4621ECD95F400C86CB8 /* MapAnnotation.swift */,
				4712A4641ECDB40100C86CB8 /* MapView.swift */,
				4712A4661ECDC26200C86CB8 /* CarDetailView.swift */,
				4712A4681ECDC27200C86CB8 /* CarDetailView.xib */,
			);
			path = Views;
			sourceTree = "<group>";
		};
		4714CCCD1ECB493500AABB9C /* Helpers */ = {
			isa = PBXGroup;
			children = (
				476736031ECCD6E70088C0DC /* LocationManager.swift */,
			);
			name = Helpers;
			sourceTree = "<group>";
		};
		4714CCD01ECB49C400AABB9C /* Services */ = {
			isa = PBXGroup;
			children = (
				4714CCD11ECB4F3D00AABB9C /* Router.swift */,
				4714CCD31ECB517200AABB9C /* CarService.swift */,
			);
			name = Services;
			sourceTree = "<group>";
		};
		4714CCD51ECB523300AABB9C /* Extensions */ = {
			isa = PBXGroup;
			children = (
				4714CCD61ECB524A00AABB9C /* AlamofireExtension.swift */,
				476735F21ECCC05B0088C0DC /* RealmExtension.swift */,
			);
			name = Extensions;
			sourceTree = "<group>";
		};
		4714CCD81ECB55C600AABB9C /* Model Tests */ = {
			isa = PBXGroup;
			children = (
				4714CCD91ECB55EB00AABB9C /* CarTests.swift */,
			);
			name = "Model Tests";
			sourceTree = "<group>";
		};
		4714CCDB1ECB5AB600AABB9C /* Service Tests */ = {
			isa = PBXGroup;
			children = (
				4714CCDC1ECB5AD100AABB9C /* CarServiceTests.swift */,
			);
			name = "Service Tests";
			sourceTree = "<group>";
		};
		476736071ECD8BE50088C0DC /* Helper Tests */ = {
			isa = PBXGroup;
			children = (
				476736081ECD8BFA0088C0DC /* LocationTests.swift */,
				4712A46A1ECDD28600C86CB8 /* RealmTests.swift */,
			);
			name = "Helper Tests";
			sourceTree = "<group>";
		};
		78E3FBF99E50511CF2F9422F /* Pods */ = {
			isa = PBXGroup;
			children = (
				F88A1ED3406723A5D538653E /* Pods-CarTrackApp.debug.xcconfig */,
				0C2FEAE461661117C80B3139 /* Pods-CarTrackApp.release.xcconfig */,
				93375CEDC0F5E1626D87CD4D /* Pods-CarTrackAppTests.debug.xcconfig */,
				13D6B32EBD80B4180AC0E728 /* Pods-CarTrackAppTests.release.xcconfig */,
				342CE0E92D7013B1333492A2 /* Pods-CarTrackAppUITests.debug.xcconfig */,
				86CF813617EA53D216B3B887 /* Pods-CarTrackAppUITests.release.xcconfig */,
			);
			name = Pods;
			sourceTree = "<group>";
		};
/* End PBXGroup section */

/* Begin PBXNativeTarget section */
		4714CC8C1ECB370C00AABB9C /* CarTrackApp */ = {
			isa = PBXNativeTarget;
			buildConfigurationList = 4714CCB51ECB370C00AABB9C /* Build configuration list for PBXNativeTarget "CarTrackApp" */;
			buildPhases = (
				8924F1A72A46E1748B259584 /* [CP] Check Pods Manifest.lock */,
				476735FE1ECCC8720088C0DC /* ShellScript */,
				4714CC891ECB370C00AABB9C /* Sources */,
				4714CC8A1ECB370C00AABB9C /* Frameworks */,
				4714CC8B1ECB370C00AABB9C /* Resources */,
				6C8805CEE347D30BC1C44B6E /* [CP] Embed Pods Frameworks */,
				6AE7BAE7ACA742E0CF8D03FF /* [CP] Copy Pods Resources */,
			);
			buildRules = (
			);
			dependencies = (
			);
			name = CarTrackApp;
			productName = CarTrackApp;
			productReference = 4714CC8D1ECB370C00AABB9C /* CarTrackApp.app */;
			productType = "com.apple.product-type.application";
		};
		4714CCA01ECB370C00AABB9C /* CarTrackAppTests */ = {
			isa = PBXNativeTarget;
			buildConfigurationList = 4714CCB81ECB370C00AABB9C /* Build configuration list for PBXNativeTarget "CarTrackAppTests" */;
			buildPhases = (
				F96FEF180F07AB5BD8FEB8E6 /* [CP] Check Pods Manifest.lock */,
				4714CC9D1ECB370C00AABB9C /* Sources */,
				4714CC9E1ECB370C00AABB9C /* Frameworks */,
				4714CC9F1ECB370C00AABB9C /* Resources */,
				9A907667C152EAD619B3F3E8 /* [CP] Embed Pods Frameworks */,
				C6B0D9623EF067BCB986FEDA /* [CP] Copy Pods Resources */,
			);
			buildRules = (
			);
			dependencies = (
				4714CCA31ECB370C00AABB9C /* PBXTargetDependency */,
			);
			name = CarTrackAppTests;
			productName = CarTrackAppTests;
			productReference = 4714CCA11ECB370C00AABB9C /* CarTrackAppTests.xctest */;
			productType = "com.apple.product-type.bundle.unit-test";
		};
		4714CCAB1ECB370C00AABB9C /* CarTrackAppUITests */ = {
			isa = PBXNativeTarget;
			buildConfigurationList = 4714CCBB1ECB370C00AABB9C /* Build configuration list for PBXNativeTarget "CarTrackAppUITests" */;
			buildPhases = (
				A21B926F41C4EA825E99D44F /* [CP] Check Pods Manifest.lock */,
				4714CCA81ECB370C00AABB9C /* Sources */,
				4714CCA91ECB370C00AABB9C /* Frameworks */,
				4714CCAA1ECB370C00AABB9C /* Resources */,
				C5248D9B95BE3E99472E31D3 /* [CP] Embed Pods Frameworks */,
				05FD5E4230AFCEA995433676 /* [CP] Copy Pods Resources */,
			);
			buildRules = (
			);
			dependencies = (
				4714CCAE1ECB370C00AABB9C /* PBXTargetDependency */,
			);
			name = CarTrackAppUITests;
			productName = CarTrackAppUITests;
			productReference = 4714CCAC1ECB370C00AABB9C /* CarTrackAppUITests.xctest */;
			productType = "com.apple.product-type.bundle.ui-testing";
		};
/* End PBXNativeTarget section */

/* Begin PBXProject section */
		4714CC851ECB370C00AABB9C /* Project object */ = {
			isa = PBXProject;
			attributes = {
				LastSwiftUpdateCheck = 0830;
				LastUpgradeCheck = 0830;
				ORGANIZATIONNAME = "Batu Orhanalp";
				TargetAttributes = {
					4714CC8C1ECB370C00AABB9C = {
						CreatedOnToolsVersion = 8.3.2;
						DevelopmentTeam = 487L88FVT4;
						ProvisioningStyle = Automatic;
					};
					4714CCA01ECB370C00AABB9C = {
						CreatedOnToolsVersion = 8.3.2;
						DevelopmentTeam = 487L88FVT4;
						ProvisioningStyle = Automatic;
						TestTargetID = 4714CC8C1ECB370C00AABB9C;
					};
					4714CCAB1ECB370C00AABB9C = {
						CreatedOnToolsVersion = 8.3.2;
						DevelopmentTeam = 487L88FVT4;
						ProvisioningStyle = Automatic;
						TestTargetID = 4714CC8C1ECB370C00AABB9C;
					};
				};
			};
			buildConfigurationList = 4714CC881ECB370C00AABB9C /* Build configuration list for PBXProject "CarTrackApp" */;
			compatibilityVersion = "Xcode 3.2";
			developmentRegion = English;
			hasScannedForEncodings = 0;
			knownRegions = (
				en,
				Base,
			);
			mainGroup = 4714CC841ECB370C00AABB9C;
			productRefGroup = 4714CC8E1ECB370C00AABB9C /* Products */;
			projectDirPath = "";
			projectRoot = "";
			targets = (
				4714CC8C1ECB370C00AABB9C /* CarTrackApp */,
				4714CCA01ECB370C00AABB9C /* CarTrackAppTests */,
				4714CCAB1ECB370C00AABB9C /* CarTrackAppUITests */,
			);
		};
/* End PBXProject section */

/* Begin PBXResourcesBuildPhase section */
		4714CC8B1ECB370C00AABB9C /* Resources */ = {
			isa = PBXResourcesBuildPhase;
			buildActionMask = 2147483647;
			files = (
				4714CCC81ECB392D00AABB9C /* LaunchScreen.storyboard in Resources */,
				4714CCC91ECB392D00AABB9C /* Main.storyboard in Resources */,
				4712A4691ECDC27200C86CB8 /* CarDetailView.xib in Resources */,
				4714CCCA1ECB392D00AABB9C /* Assets.xcassets in Resources */,
			);
			runOnlyForDeploymentPostprocessing = 0;
		};
		4714CC9F1ECB370C00AABB9C /* Resources */ = {
			isa = PBXResourcesBuildPhase;
			buildActionMask = 2147483647;
			files = (
			);
			runOnlyForDeploymentPostprocessing = 0;
		};
		4714CCAA1ECB370C00AABB9C /* Resources */ = {
			isa = PBXResourcesBuildPhase;
			buildActionMask = 2147483647;
			files = (
			);
			runOnlyForDeploymentPostprocessing = 0;
		};
/* End PBXResourcesBuildPhase section */

/* Begin PBXShellScriptBuildPhase section */
		05FD5E4230AFCEA995433676 /* [CP] Copy Pods Resources */ = {
			isa = PBXShellScriptBuildPhase;
			buildActionMask = 2147483647;
			files = (
			);
			inputPaths = (
			);
			name = "[CP] Copy Pods Resources";
			outputPaths = (
			);
			runOnlyForDeploymentPostprocessing = 0;
			shellPath = /bin/sh;
			shellScript = "\"${SRCROOT}/Pods/Target Support Files/Pods-CarTrackAppUITests/Pods-CarTrackAppUITests-resources.sh\"\n";
			showEnvVarsInLog = 0;
		};
		476735FE1ECCC8720088C0DC /* ShellScript */ = {
			isa = PBXShellScriptBuildPhase;
			buildActionMask = 2147483647;
			files = (
			);
			inputPaths = (
			);
			outputPaths = (
			);
			runOnlyForDeploymentPostprocessing = 0;
			shellPath = /bin/sh;
			shellScript = "\"$PODS_ROOT/R.swift/rswift\" \"$SRCROOT/CarTrackApp/SupportingFiles\"";
		};
		6AE7BAE7ACA742E0CF8D03FF /* [CP] Copy Pods Resources */ = {
			isa = PBXShellScriptBuildPhase;
			buildActionMask = 2147483647;
			files = (
			);
			inputPaths = (
			);
			name = "[CP] Copy Pods Resources";
			outputPaths = (
			);
			runOnlyForDeploymentPostprocessing = 0;
			shellPath = /bin/sh;
			shellScript = "\"${SRCROOT}/Pods/Target Support Files/Pods-CarTrackApp/Pods-CarTrackApp-resources.sh\"\n";
			showEnvVarsInLog = 0;
		};
		6C8805CEE347D30BC1C44B6E /* [CP] Embed Pods Frameworks */ = {
			isa = PBXShellScriptBuildPhase;
			buildActionMask = 2147483647;
			files = (
			);
			inputPaths = (
			);
			name = "[CP] Embed Pods Frameworks";
			outputPaths = (
			);
			runOnlyForDeploymentPostprocessing = 0;
			shellPath = /bin/sh;
			shellScript = "\"${SRCROOT}/Pods/Target Support Files/Pods-CarTrackApp/Pods-CarTrackApp-frameworks.sh\"\n";
			showEnvVarsInLog = 0;
		};
		8924F1A72A46E1748B259584 /* [CP] Check Pods Manifest.lock */ = {
			isa = PBXShellScriptBuildPhase;
			buildActionMask = 2147483647;
			files = (
			);
			inputPaths = (
			);
			name = "[CP] Check Pods Manifest.lock";
			outputPaths = (
			);
			runOnlyForDeploymentPostprocessing = 0;
			shellPath = /bin/sh;
			shellScript = "diff \"${PODS_PODFILE_DIR_PATH}/Podfile.lock\" \"${PODS_ROOT}/Manifest.lock\" > /dev/null\nif [ $? != 0 ] ; then\n    # print error to STDERR\n    echo \"error: The sandbox is not in sync with the Podfile.lock. Run 'pod install' or update your CocoaPods installation.\" >&2\n    exit 1\nfi\n";
			showEnvVarsInLog = 0;
		};
		9A907667C152EAD619B3F3E8 /* [CP] Embed Pods Frameworks */ = {
			isa = PBXShellScriptBuildPhase;
			buildActionMask = 2147483647;
			files = (
			);
			inputPaths = (
			);
			name = "[CP] Embed Pods Frameworks";
			outputPaths = (
			);
			runOnlyForDeploymentPostprocessing = 0;
			shellPath = /bin/sh;
			shellScript = "\"${SRCROOT}/Pods/Target Support Files/Pods-CarTrackAppTests/Pods-CarTrackAppTests-frameworks.sh\"\n";
			showEnvVarsInLog = 0;
		};
		A21B926F41C4EA825E99D44F /* [CP] Check Pods Manifest.lock */ = {
			isa = PBXShellScriptBuildPhase;
			buildActionMask = 2147483647;
			files = (
			);
			inputPaths = (
			);
			name = "[CP] Check Pods Manifest.lock";
			outputPaths = (
			);
			runOnlyForDeploymentPostprocessing = 0;
			shellPath = /bin/sh;
			shellScript = "diff \"${PODS_PODFILE_DIR_PATH}/Podfile.lock\" \"${PODS_ROOT}/Manifest.lock\" > /dev/null\nif [ $? != 0 ] ; then\n    # print error to STDERR\n    echo \"error: The sandbox is not in sync with the Podfile.lock. Run 'pod install' or update your CocoaPods installation.\" >&2\n    exit 1\nfi\n";
			showEnvVarsInLog = 0;
		};
		C5248D9B95BE3E99472E31D3 /* [CP] Embed Pods Frameworks */ = {
			isa = PBXShellScriptBuildPhase;
			buildActionMask = 2147483647;
			files = (
			);
			inputPaths = (
			);
			name = "[CP] Embed Pods Frameworks";
			outputPaths = (
			);
			runOnlyForDeploymentPostprocessing = 0;
			shellPath = /bin/sh;
			shellScript = "\"${SRCROOT}/Pods/Target Support Files/Pods-CarTrackAppUITests/Pods-CarTrackAppUITests-frameworks.sh\"\n";
			showEnvVarsInLog = 0;
		};
		C6B0D9623EF067BCB986FEDA /* [CP] Copy Pods Resources */ = {
			isa = PBXShellScriptBuildPhase;
			buildActionMask = 2147483647;
			files = (
			);
			inputPaths = (
			);
			name = "[CP] Copy Pods Resources";
			outputPaths = (
			);
			runOnlyForDeploymentPostprocessing = 0;
			shellPath = /bin/sh;
			shellScript = "\"${SRCROOT}/Pods/Target Support Files/Pods-CarTrackAppTests/Pods-CarTrackAppTests-resources.sh\"\n";
			showEnvVarsInLog = 0;
		};
		F96FEF180F07AB5BD8FEB8E6 /* [CP] Check Pods Manifest.lock */ = {
			isa = PBXShellScriptBuildPhase;
			buildActionMask = 2147483647;
			files = (
			);
			inputPaths = (
			);
			name = "[CP] Check Pods Manifest.lock";
			outputPaths = (
			);
			runOnlyForDeploymentPostprocessing = 0;
			shellPath = /bin/sh;
			shellScript = "diff \"${PODS_PODFILE_DIR_PATH}/Podfile.lock\" \"${PODS_ROOT}/Manifest.lock\" > /dev/null\nif [ $? != 0 ] ; then\n    # print error to STDERR\n    echo \"error: The sandbox is not in sync with the Podfile.lock. Run 'pod install' or update your CocoaPods installation.\" >&2\n    exit 1\nfi\n";
			showEnvVarsInLog = 0;
		};
/* End PBXShellScriptBuildPhase section */

/* Begin PBXSourcesBuildPhase section */
		4714CC891ECB370C00AABB9C /* Sources */ = {
			isa = PBXSourcesBuildPhase;
			buildActionMask = 2147483647;
			files = (
				4714CCCF1ECB496300AABB9C /* Car.swift in Sources */,
				476735FB1ECCC4BD0088C0DC /* CarTableViewController.swift in Sources */,
				476735F51ECCC46B0088C0DC /* CarTableViewCell.swift in Sources */,
				476736021ECCD1E80088C0DC /* DetailViewController.swift in Sources */,
				4714CCD71ECB524A00AABB9C /* AlamofireExtension.swift in Sources */,
				476735FD1ECCC4CA0088C0DC /* CarMapViewController.swift in Sources */,
				476736041ECCD6E70088C0DC /* LocationManager.swift in Sources */,
				4712A4671ECDC26200C86CB8 /* CarDetailView.swift in Sources */,
				4712A4651ECDB40100C86CB8 /* MapView.swift in Sources */,
				4714CCD21ECB4F3D00AABB9C /* Router.swift in Sources */,
				476735F31ECCC05B0088C0DC /* RealmExtension.swift in Sources */,
				4712A4631ECD95F400C86CB8 /* MapAnnotation.swift in Sources */,
				476735F91ECCC4AF0088C0DC /* BaseViewController.swift in Sources */,
				4714CCD41ECB517200AABB9C /* CarService.swift in Sources */,
				476736001ECCC8D80088C0DC /* R.generated.swift in Sources */,
				4714CC911ECB370C00AABB9C /* AppDelegate.swift in Sources */,
			);
			runOnlyForDeploymentPostprocessing = 0;
		};
		4714CC9D1ECB370C00AABB9C /* Sources */ = {
			isa = PBXSourcesBuildPhase;
			buildActionMask = 2147483647;
			files = (
				4714CCDA1ECB55EB00AABB9C /* CarTests.swift in Sources */,
				476736091ECD8BFA0088C0DC /* LocationTests.swift in Sources */,
				4714CCDD1ECB5AD100AABB9C /* CarServiceTests.swift in Sources */,
				4712A46B1ECDD28600C86CB8 /* RealmTests.swift in Sources */,
			);
			runOnlyForDeploymentPostprocessing = 0;
		};
		4714CCA81ECB370C00AABB9C /* Sources */ = {
			isa = PBXSourcesBuildPhase;
			buildActionMask = 2147483647;
			files = (
				4714CCB11ECB370C00AABB9C /* CarTrackAppUITests.swift in Sources */,
			);
			runOnlyForDeploymentPostprocessing = 0;
		};
/* End PBXSourcesBuildPhase section */

/* Begin PBXTargetDependency section */
		4714CCA31ECB370C00AABB9C /* PBXTargetDependency */ = {
			isa = PBXTargetDependency;
			target = 4714CC8C1ECB370C00AABB9C /* CarTrackApp */;
			targetProxy = 4714CCA21ECB370C00AABB9C /* PBXContainerItemProxy */;
		};
		4714CCAE1ECB370C00AABB9C /* PBXTargetDependency */ = {
			isa = PBXTargetDependency;
			target = 4714CC8C1ECB370C00AABB9C /* CarTrackApp */;
			targetProxy = 4714CCAD1ECB370C00AABB9C /* PBXContainerItemProxy */;
		};
/* End PBXTargetDependency section */

/* Begin PBXVariantGroup section */
		4714CCC11ECB392D00AABB9C /* LaunchScreen.storyboard */ = {
			isa = PBXVariantGroup;
			children = (
				4714CCC21ECB392D00AABB9C /* Base */,
			);
			name = LaunchScreen.storyboard;
			sourceTree = "<group>";
		};
		4714CCC31ECB392D00AABB9C /* Main.storyboard */ = {
			isa = PBXVariantGroup;
			children = (
				4714CCC41ECB392D00AABB9C /* Base */,
			);
			name = Main.storyboard;
			sourceTree = "<group>";
		};
/* End PBXVariantGroup section */

/* Begin XCBuildConfiguration section */
		4714CCB31ECB370C00AABB9C /* Debug */ = {
			isa = XCBuildConfiguration;
			buildSettings = {
				ALWAYS_SEARCH_USER_PATHS = NO;
				CLANG_ANALYZER_NONNULL = YES;
				CLANG_ANALYZER_NUMBER_OBJECT_CONVERSION = YES_AGGRESSIVE;
				CLANG_CXX_LANGUAGE_STANDARD = "gnu++0x";
				CLANG_CXX_LIBRARY = "libc++";
				CLANG_ENABLE_MODULES = YES;
				CLANG_ENABLE_OBJC_ARC = YES;
				CLANG_WARN_BOOL_CONVERSION = YES;
				CLANG_WARN_CONSTANT_CONVERSION = YES;
				CLANG_WARN_DIRECT_OBJC_ISA_USAGE = YES_ERROR;
				CLANG_WARN_DOCUMENTATION_COMMENTS = YES;
				CLANG_WARN_EMPTY_BODY = YES;
				CLANG_WARN_ENUM_CONVERSION = YES;
				CLANG_WARN_INFINITE_RECURSION = YES;
				CLANG_WARN_INT_CONVERSION = YES;
				CLANG_WARN_OBJC_ROOT_CLASS = YES_ERROR;
				CLANG_WARN_SUSPICIOUS_MOVE = YES;
				CLANG_WARN_UNREACHABLE_CODE = YES;
				CLANG_WARN__DUPLICATE_METHOD_MATCH = YES;
				"CODE_SIGN_IDENTITY[sdk=iphoneos*]" = "iPhone Developer";
				COPY_PHASE_STRIP = NO;
				DEBUG_INFORMATION_FORMAT = dwarf;
				ENABLE_STRICT_OBJC_MSGSEND = YES;
				ENABLE_TESTABILITY = YES;
				GCC_C_LANGUAGE_STANDARD = gnu99;
				GCC_DYNAMIC_NO_PIC = NO;
				GCC_NO_COMMON_BLOCKS = YES;
				GCC_OPTIMIZATION_LEVEL = 0;
				GCC_PREPROCESSOR_DEFINITIONS = (
					"DEBUG=1",
					"$(inherited)",
				);
				GCC_WARN_64_TO_32_BIT_CONVERSION = YES;
				GCC_WARN_ABOUT_RETURN_TYPE = YES_ERROR;
				GCC_WARN_UNDECLARED_SELECTOR = YES;
				GCC_WARN_UNINITIALIZED_AUTOS = YES_AGGRESSIVE;
				GCC_WARN_UNUSED_FUNCTION = YES;
				GCC_WARN_UNUSED_VARIABLE = YES;
				IPHONEOS_DEPLOYMENT_TARGET = 10.0;
				MTL_ENABLE_DEBUG_INFO = YES;
				ONLY_ACTIVE_ARCH = YES;
				SDKROOT = iphoneos;
				SWIFT_ACTIVE_COMPILATION_CONDITIONS = DEBUG;
				SWIFT_OPTIMIZATION_LEVEL = "-Onone";
			};
			name = Debug;
		};
		4714CCB41ECB370C00AABB9C /* Release */ = {
			isa = XCBuildConfiguration;
			buildSettings = {
				ALWAYS_SEARCH_USER_PATHS = NO;
				CLANG_ANALYZER_NONNULL = YES;
				CLANG_ANALYZER_NUMBER_OBJECT_CONVERSION = YES_AGGRESSIVE;
				CLANG_CXX_LANGUAGE_STANDARD = "gnu++0x";
				CLANG_CXX_LIBRARY = "libc++";
				CLANG_ENABLE_MODULES = YES;
				CLANG_ENABLE_OBJC_ARC = YES;
				CLANG_WARN_BOOL_CONVERSION = YES;
				CLANG_WARN_CONSTANT_CONVERSION = YES;
				CLANG_WARN_DIRECT_OBJC_ISA_USAGE = YES_ERROR;
				CLANG_WARN_DOCUMENTATION_COMMENTS = YES;
				CLANG_WARN_EMPTY_BODY = YES;
				CLANG_WARN_ENUM_CONVERSION = YES;
				CLANG_WARN_INFINITE_RECURSION = YES;
				CLANG_WARN_INT_CONVERSION = YES;
				CLANG_WARN_OBJC_ROOT_CLASS = YES_ERROR;
				CLANG_WARN_SUSPICIOUS_MOVE = YES;
				CLANG_WARN_UNREACHABLE_CODE = YES;
				CLANG_WARN__DUPLICATE_METHOD_MATCH = YES;
				"CODE_SIGN_IDENTITY[sdk=iphoneos*]" = "iPhone Developer";
				COPY_PHASE_STRIP = NO;
				DEBUG_INFORMATION_FORMAT = "dwarf-with-dsym";
				ENABLE_NS_ASSERTIONS = NO;
				ENABLE_STRICT_OBJC_MSGSEND = YES;
				GCC_C_LANGUAGE_STANDARD = gnu99;
				GCC_NO_COMMON_BLOCKS = YES;
				GCC_WARN_64_TO_32_BIT_CONVERSION = YES;
				GCC_WARN_ABOUT_RETURN_TYPE = YES_ERROR;
				GCC_WARN_UNDECLARED_SELECTOR = YES;
				GCC_WARN_UNINITIALIZED_AUTOS = YES_AGGRESSIVE;
				GCC_WARN_UNUSED_FUNCTION = YES;
				GCC_WARN_UNUSED_VARIABLE = YES;
				IPHONEOS_DEPLOYMENT_TARGET = 10.0;
				MTL_ENABLE_DEBUG_INFO = NO;
				SDKROOT = iphoneos;
				SWIFT_OPTIMIZATION_LEVEL = "-Owholemodule";
				VALIDATE_PRODUCT = YES;
			};
			name = Release;
		};
		4714CCB61ECB370C00AABB9C /* Debug */ = {
			isa = XCBuildConfiguration;
			baseConfigurationReference = F88A1ED3406723A5D538653E /* Pods-CarTrackApp.debug.xcconfig */;
			buildSettings = {
				ASSETCATALOG_COMPILER_APPICON_NAME = AppIcon;
				DEVELOPMENT_TEAM = 487L88FVT4;
				INFOPLIST_FILE = CarTrackApp/SupportingFiles/Info.plist;
				LD_RUNPATH_SEARCH_PATHS = "$(inherited) @executable_path/Frameworks";
				PRODUCT_BUNDLE_IDENTIFIER = com.orhanalp.CarTrackApp;
				PRODUCT_NAME = "$(TARGET_NAME)";
				SWIFT_VERSION = 3.0;
			};
			name = Debug;
		};
		4714CCB71ECB370C00AABB9C /* Release */ = {
			isa = XCBuildConfiguration;
			baseConfigurationReference = 0C2FEAE461661117C80B3139 /* Pods-CarTrackApp.release.xcconfig */;
			buildSettings = {
				ASSETCATALOG_COMPILER_APPICON_NAME = AppIcon;
				DEVELOPMENT_TEAM = 487L88FVT4;
				INFOPLIST_FILE = CarTrackApp/SupportingFiles/Info.plist;
				LD_RUNPATH_SEARCH_PATHS = "$(inherited) @executable_path/Frameworks";
				PRODUCT_BUNDLE_IDENTIFIER = com.orhanalp.CarTrackApp;
				PRODUCT_NAME = "$(TARGET_NAME)";
				SWIFT_VERSION = 3.0;
			};
			name = Release;
		};
		4714CCB91ECB370C00AABB9C /* Debug */ = {
			isa = XCBuildConfiguration;
			baseConfigurationReference = 93375CEDC0F5E1626D87CD4D /* Pods-CarTrackAppTests.debug.xcconfig */;
			buildSettings = {
				ALWAYS_EMBED_SWIFT_STANDARD_LIBRARIES = YES;
				BUNDLE_LOADER = "$(TEST_HOST)";
				DEVELOPMENT_TEAM = 487L88FVT4;
				INFOPLIST_FILE = CarTrackAppTests/Info.plist;
				LD_RUNPATH_SEARCH_PATHS = "$(inherited) @executable_path/Frameworks @loader_path/Frameworks";
				PRODUCT_BUNDLE_IDENTIFIER = com.orhanalp.CarTrackAppTests;
				PRODUCT_NAME = "$(TARGET_NAME)";
				SWIFT_VERSION = 3.0;
				TEST_HOST = "$(BUILT_PRODUCTS_DIR)/CarTrackApp.app/CarTrackApp";
			};
			name = Debug;
		};
		4714CCBA1ECB370C00AABB9C /* Release */ = {
			isa = XCBuildConfiguration;
			baseConfigurationReference = 13D6B32EBD80B4180AC0E728 /* Pods-CarTrackAppTests.release.xcconfig */;
			buildSettings = {
				ALWAYS_EMBED_SWIFT_STANDARD_LIBRARIES = YES;
				BUNDLE_LOADER = "$(TEST_HOST)";
				DEVELOPMENT_TEAM = 487L88FVT4;
				INFOPLIST_FILE = CarTrackAppTests/Info.plist;
				LD_RUNPATH_SEARCH_PATHS = "$(inherited) @executable_path/Frameworks @loader_path/Frameworks";
				PRODUCT_BUNDLE_IDENTIFIER = com.orhanalp.CarTrackAppTests;
				PRODUCT_NAME = "$(TARGET_NAME)";
				SWIFT_VERSION = 3.0;
				TEST_HOST = "$(BUILT_PRODUCTS_DIR)/CarTrackApp.app/CarTrackApp";
			};
			name = Release;
		};
		4714CCBC1ECB370C00AABB9C /* Debug */ = {
			isa = XCBuildConfiguration;
			baseConfigurationReference = 342CE0E92D7013B1333492A2 /* Pods-CarTrackAppUITests.debug.xcconfig */;
			buildSettings = {
				ALWAYS_EMBED_SWIFT_STANDARD_LIBRARIES = YES;
				DEVELOPMENT_TEAM = 487L88FVT4;
				INFOPLIST_FILE = CarTrackAppUITests/Info.plist;
				LD_RUNPATH_SEARCH_PATHS = "$(inherited) @executable_path/Frameworks @loader_path/Frameworks";
				PRODUCT_BUNDLE_IDENTIFIER = com.orhanalp.CarTrackAppUITests;
				PRODUCT_NAME = "$(TARGET_NAME)";
				SWIFT_VERSION = 3.0;
				TEST_TARGET_NAME = CarTrackApp;
			};
			name = Debug;
		};
		4714CCBD1ECB370C00AABB9C /* Release */ = {
			isa = XCBuildConfiguration;
			baseConfigurationReference = 86CF813617EA53D216B3B887 /* Pods-CarTrackAppUITests.release.xcconfig */;
			buildSettings = {
				ALWAYS_EMBED_SWIFT_STANDARD_LIBRARIES = YES;
				DEVELOPMENT_TEAM = 487L88FVT4;
				INFOPLIST_FILE = CarTrackAppUITests/Info.plist;
				LD_RUNPATH_SEARCH_PATHS = "$(inherited) @executable_path/Frameworks @loader_path/Frameworks";
				PRODUCT_BUNDLE_IDENTIFIER = com.orhanalp.CarTrackAppUITests;
				PRODUCT_NAME = "$(TARGET_NAME)";
				SWIFT_VERSION = 3.0;
				TEST_TARGET_NAME = CarTrackApp;
			};
			name = Release;
		};
/* End XCBuildConfiguration section */

/* Begin XCConfigurationList section */
		4714CC881ECB370C00AABB9C /* Build configuration list for PBXProject "CarTrackApp" */ = {
			isa = XCConfigurationList;
			buildConfigurations = (
				4714CCB31ECB370C00AABB9C /* Debug */,
				4714CCB41ECB370C00AABB9C /* Release */,
			);
			defaultConfigurationIsVisible = 0;
			defaultConfigurationName = Release;
		};
		4714CCB51ECB370C00AABB9C /* Build configuration list for PBXNativeTarget "CarTrackApp" */ = {
			isa = XCConfigurationList;
			buildConfigurations = (
				4714CCB61ECB370C00AABB9C /* Debug */,
				4714CCB71ECB370C00AABB9C /* Release */,
			);
			defaultConfigurationIsVisible = 0;
			defaultConfigurationName = Release;
		};
		4714CCB81ECB370C00AABB9C /* Build configuration list for PBXNativeTarget "CarTrackAppTests" */ = {
			isa = XCConfigurationList;
			buildConfigurations = (
				4714CCB91ECB370C00AABB9C /* Debug */,
				4714CCBA1ECB370C00AABB9C /* Release */,
			);
			defaultConfigurationIsVisible = 0;
			defaultConfigurationName = Release;
		};
		4714CCBB1ECB370C00AABB9C /* Build configuration list for PBXNativeTarget "CarTrackAppUITests" */ = {
			isa = XCConfigurationList;
			buildConfigurations = (
				4714CCBC1ECB370C00AABB9C /* Debug */,
				4714CCBD1ECB370C00AABB9C /* Release */,
			);
			defaultConfigurationIsVisible = 0;
			defaultConfigurationName = Release;
		};
/* End XCConfigurationList section */
	};
	rootObject = 4714CC851ECB370C00AABB9C /* Project object */;
}
